<?xml version="1.0" encoding="UTF-8" standalone="yes" ?>
<CodeBlocks_project_file>
	<FileVersion major="1" minor="6" />
	<Project>
		<Option title="./papers/sconscript" />
		<Option makefile="sconstruct" />
		<Option makefile_is_custom="1" />
		<Option execution_dir="../../std-filesystem-relative" />
		<MakeCommands>
			<Build command="scons --standard-output --scripts=$SCRIPTS --$VARIANT --toolchains=$TOOLCHAINS $TEST" />
			<CompileFile command="" />
			<Clean command="scons --standard-output --scripts=$SCRIPTS --$VARIANT --toolchains=$TOOLCHAINS $TEST -c" />
			<DistClean command="" />
			<AskRebuildNeeded command="" />
			<SilentBuild command="" />
		</MakeCommands>
		<Build>
			<Target title="clang35-dbg">
				<Option working_dir="../../std-filesystem-relative/.build/papers/clang35/dbg/final" />
				<Option object_output="../../std-filesystem-relative/.build/papers/clang35/dbg/working" />
				<Option type="1" />
				<Compiler>
				</Compiler>
				<Environment>
					<Variable name="SCRIPTS" value="./papers/sconscript" />
					<Variable name="TOOLCHAINS" value="clang35" />
					<Variable name="VARIANT" value="dbg" />					<Variable name="TEST" value="" />
				</Environment>
				<MakeCommands>
					<Build command="" />
					<CompileFile command="" />
					<Clean command="" />
					<DistClean command="" />
					<AskRebuildNeeded command="" />
					<SilentBuild command="" />
				</MakeCommands>
			</Target>
			<Target title="clang35-dbg--test">
				<Option working_dir="../../std-filesystem-relative/.build/papers/clang35/dbg/final" />
				<Option object_output="../../std-filesystem-relative/.build/papers/clang35/dbg/working" />
				<Option type="1" />
				<Compiler>
				</Compiler>
				<Environment>
					<Variable name="SCRIPTS" value="./papers/sconscript" />
					<Variable name="TOOLCHAINS" value="clang35" />
					<Variable name="VARIANT" value="dbg" />					<Variable name="TEST" value="--test" />
				</Environment>
				<MakeCommands>
					<Build command="" />
					<CompileFile command="" />
					<Clean command="" />
					<DistClean command="" />
					<AskRebuildNeeded command="" />
					<SilentBuild command="" />
				</MakeCommands>
			</Target>
			<Target title="clang35-rel">
				<Option working_dir="../../std-filesystem-relative/.build/papers/clang35/dbg/final" />
				<Option object_output="../../std-filesystem-relative/.build/papers/clang35/dbg/working" />
				<Option type="1" />
				<Compiler>
				</Compiler>
				<Environment>
					<Variable name="SCRIPTS" value="./papers/sconscript" />
					<Variable name="TOOLCHAINS" value="clang35" />
					<Variable name="VARIANT" value="rel" />					<Variable name="TEST" value="" />
				</Environment>
				<MakeCommands>
					<Build command="" />
					<CompileFile command="" />
					<Clean command="" />
					<DistClean command="" />
					<AskRebuildNeeded command="" />
					<SilentBuild command="" />
				</MakeCommands>
			</Target>
			<Target title="clang35-rel--test">
				<Option working_dir="../../std-filesystem-relative/.build/papers/clang35/dbg/final" />
				<Option object_output="../../std-filesystem-relative/.build/papers/clang35/dbg/working" />
				<Option type="1" />
				<Compiler>
				</Compiler>
				<Environment>
					<Variable name="SCRIPTS" value="./papers/sconscript" />
					<Variable name="TOOLCHAINS" value="clang35" />
					<Variable name="VARIANT" value="rel" />					<Variable name="TEST" value="--test" />
				</Environment>
				<MakeCommands>
					<Build command="" />
					<CompileFile command="" />
					<Clean command="" />
					<DistClean command="" />
					<AskRebuildNeeded command="" />
					<SilentBuild command="" />
				</MakeCommands>
			</Target>
			<Target title="clang36-dbg">
				<Option working_dir="../../std-filesystem-relative/.build/papers/clang35/dbg/final" />
				<Option object_output="../../std-filesystem-relative/.build/papers/clang35/dbg/working" />
				<Option type="1" />
				<Compiler>
				</Compiler>
				<Environment>
					<Variable name="SCRIPTS" value="./papers/sconscript" />
					<Variable name="TOOLCHAINS" value="clang36" />
					<Variable name="VARIANT" value="dbg" />					<Variable name="TEST" value="" />
				</Environment>
				<MakeCommands>
					<Build command="" />
					<CompileFile command="" />
					<Clean command="" />
					<DistClean command="" />
					<AskRebuildNeeded command="" />
					<SilentBuild command="" />
				</MakeCommands>
			</Target>
			<Target title="clang36-dbg--test">
				<Option working_dir="../../std-filesystem-relative/.build/papers/clang35/dbg/final" />
				<Option object_output="../../std-filesystem-relative/.build/papers/clang35/dbg/working" />
				<Option type="1" />
				<Compiler>
				</Compiler>
				<Environment>
					<Variable name="SCRIPTS" value="./papers/sconscript" />
					<Variable name="TOOLCHAINS" value="clang36" />
					<Variable name="VARIANT" value="dbg" />					<Variable name="TEST" value="--test" />
				</Environment>
				<MakeCommands>
					<Build command="" />
					<CompileFile command="" />
					<Clean command="" />
					<DistClean command="" />
					<AskRebuildNeeded command="" />
					<SilentBuild command="" />
				</MakeCommands>
			</Target>
			<Target title="clang36-rel">
				<Option working_dir="../../std-filesystem-relative/.build/papers/clang35/dbg/final" />
				<Option object_output="../../std-filesystem-relative/.build/papers/clang35/dbg/working" />
				<Option type="1" />
				<Compiler>
				</Compiler>
				<Environment>
					<Variable name="SCRIPTS" value="./papers/sconscript" />
					<Variable name="TOOLCHAINS" value="clang36" />
					<Variable name="VARIANT" value="rel" />					<Variable name="TEST" value="" />
				</Environment>
				<MakeCommands>
					<Build command="" />
					<CompileFile command="" />
					<Clean command="" />
					<DistClean command="" />
					<AskRebuildNeeded command="" />
					<SilentBuild command="" />
				</MakeCommands>
			</Target>
			<Target title="clang36-rel--test">
				<Option working_dir="../../std-filesystem-relative/.build/papers/clang35/dbg/final" />
				<Option object_output="../../std-filesystem-relative/.build/papers/clang35/dbg/working" />
				<Option type="1" />
				<Compiler>
				</Compiler>
				<Environment>
					<Variable name="SCRIPTS" value="./papers/sconscript" />
					<Variable name="TOOLCHAINS" value="clang36" />
					<Variable name="VARIANT" value="rel" />					<Variable name="TEST" value="--test" />
				</Environment>
				<MakeCommands>
					<Build command="" />
					<CompileFile command="" />
					<Clean command="" />
					<DistClean command="" />
					<AskRebuildNeeded command="" />
					<SilentBuild command="" />
				</MakeCommands>
			</Target>
			<Target title="gcc49-dbg">
				<Option working_dir="../../std-filesystem-relative/.build/papers/clang35/dbg/final" />
				<Option object_output="../../std-filesystem-relative/.build/papers/clang35/dbg/working" />
				<Option type="1" />
				<Compiler>
				</Compiler>
				<Environment>
					<Variable name="SCRIPTS" value="./papers/sconscript" />
					<Variable name="TOOLCHAINS" value="gcc49" />
					<Variable name="VARIANT" value="dbg" />					<Variable name="TEST" value="" />
				</Environment>
				<MakeCommands>
					<Build command="" />
					<CompileFile command="" />
					<Clean command="" />
					<DistClean command="" />
					<AskRebuildNeeded command="" />
					<SilentBuild command="" />
				</MakeCommands>
			</Target>
			<Target title="gcc49-dbg--test">
				<Option working_dir="../../std-filesystem-relative/.build/papers/clang35/dbg/final" />
				<Option object_output="../../std-filesystem-relative/.build/papers/clang35/dbg/working" />
				<Option type="1" />
				<Compiler>
				</Compiler>
				<Environment>
					<Variable name="SCRIPTS" value="./papers/sconscript" />
					<Variable name="TOOLCHAINS" value="gcc49" />
					<Variable name="VARIANT" value="dbg" />					<Variable name="TEST" value="--test" />
				</Environment>
				<MakeCommands>
					<Build command="" />
					<CompileFile command="" />
					<Clean command="" />
					<DistClean command="" />
					<AskRebuildNeeded command="" />
					<SilentBuild command="" />
				</MakeCommands>
			</Target>
			<Target title="gcc49-rel">
				<Option working_dir="../../std-filesystem-relative/.build/papers/clang35/dbg/final" />
				<Option object_output="../../std-filesystem-relative/.build/papers/clang35/dbg/working" />
				<Option type="1" />
				<Compiler>
				</Compiler>
				<Environment>
					<Variable name="SCRIPTS" value="./papers/sconscript" />
					<Variable name="TOOLCHAINS" value="gcc49" />
					<Variable name="VARIANT" value="rel" />					<Variable name="TEST" value="" />
				</Environment>
				<MakeCommands>
					<Build command="" />
					<CompileFile command="" />
					<Clean command="" />
					<DistClean command="" />
					<AskRebuildNeeded command="" />
					<SilentBuild command="" />
				</MakeCommands>
			</Target>
			<Target title="gcc49-rel--test">
				<Option working_dir="../../std-filesystem-relative/.build/papers/clang35/dbg/final" />
				<Option object_output="../../std-filesystem-relative/.build/papers/clang35/dbg/working" />
				<Option type="1" />
				<Compiler>
				</Compiler>
				<Environment>
					<Variable name="SCRIPTS" value="./papers/sconscript" />
					<Variable name="TOOLCHAINS" value="gcc49" />
					<Variable name="VARIANT" value="rel" />					<Variable name="TEST" value="--test" />
				</Environment>
				<MakeCommands>
					<Build command="" />
					<CompileFile command="" />
					<Clean command="" />
					<DistClean command="" />
					<AskRebuildNeeded command="" />
					<SilentBuild command="" />
				</MakeCommands>
			</Target>
			<Target title="gcc51-dbg">
				<Option working_dir="../../std-filesystem-relative/.build/papers/clang35/dbg/final" />
				<Option object_output="../../std-filesystem-relative/.build/papers/clang35/dbg/working" />
				<Option type="1" />
				<Compiler>
				</Compiler>
				<Environment>
					<Variable name="SCRIPTS" value="./papers/sconscript" />
					<Variable name="TOOLCHAINS" value="gcc51" />
					<Variable name="VARIANT" value="dbg" />					<Variable name="TEST" value="" />
				</Environment>
				<MakeCommands>
					<Build command="" />
					<CompileFile command="" />
					<Clean command="" />
					<DistClean command="" />
					<AskRebuildNeeded command="" />
					<SilentBuild command="" />
				</MakeCommands>
			</Target>
			<Target title="gcc51-dbg--test">
				<Option working_dir="../../std-filesystem-relative/.build/papers/clang35/dbg/final" />
				<Option object_output="../../std-filesystem-relative/.build/papers/clang35/dbg/working" />
				<Option type="1" />
				<Compiler>
				</Compiler>
				<Environment>
					<Variable name="SCRIPTS" value="./papers/sconscript" />
					<Variable name="TOOLCHAINS" value="gcc51" />
					<Variable name="VARIANT" value="dbg" />					<Variable name="TEST" value="--test" />
				</Environment>
				<MakeCommands>
					<Build command="" />
					<CompileFile command="" />
					<Clean command="" />
					<DistClean command="" />
					<AskRebuildNeeded command="" />
					<SilentBuild command="" />
				</MakeCommands>
			</Target>
			<Target title="gcc51-rel">
				<Option working_dir="../../std-filesystem-relative/.build/papers/clang35/dbg/final" />
				<Option object_output="../../std-filesystem-relative/.build/papers/clang35/dbg/working" />
				<Option type="1" />
				<Compiler>
				</Compiler>
				<Environment>
					<Variable name="SCRIPTS" value="./papers/sconscript" />
					<Variable name="TOOLCHAINS" value="gcc51" />
					<Variable name="VARIANT" value="rel" />					<Variable name="TEST" value="" />
				</Environment>
				<MakeCommands>
					<Build command="" />
					<CompileFile command="" />
					<Clean command="" />
					<DistClean command="" />
					<AskRebuildNeeded command="" />
					<SilentBuild command="" />
				</MakeCommands>
			</Target>
			<Target title="gcc51-rel--test">
				<Option working_dir="../../std-filesystem-relative/.build/papers/clang35/dbg/final" />
				<Option object_output="../../std-filesystem-relative/.build/papers/clang35/dbg/working" />
				<Option type="1" />
				<Compiler>
				</Compiler>
				<Environment>
					<Variable name="SCRIPTS" value="./papers/sconscript" />
					<Variable name="TOOLCHAINS" value="gcc51" />
					<Variable name="VARIANT" value="rel" />					<Variable name="TEST" value="--test" />
				</Environment>
				<MakeCommands>
					<Build command="" />
					<CompileFile command="" />
					<Clean command="" />
					<DistClean command="" />
					<AskRebuildNeeded command="" />
					<SilentBuild command="" />
				</MakeCommands>
			</Target>
		</Build>
		<Unit filename="../papers/DXXXX.md" />
		<Unit filename="../papers/sconscript" />
		<Unit filename="../sconstruct" />
	</Project>
</CodeBlocks_project_file>
