<?xml version="1.0" encoding="UTF-8" standalone="yes" ?>
<CodeBlocks_project_file>
	<FileVersion major="1" minor="6" />
	<Project>
		<Option title="./filesystem/relative_test" />
		<Option makefile="sconstruct" />
		<Option makefile_is_custom="1" />
		<Option execution_dir="../../std-filesystem-relative" />
		<MakeCommands>
			<Build command="scons --standard-output --scripts=$SCRIPTS --$VARIANT --toolchains=$TOOLCHAINS" />
			<CompileFile command="" />
			<Clean command="scons --standard-output --scripts=$SCRIPTS --$VARIANT --toolchains=$TOOLCHAINS -c" />
			<DistClean command="" />
			<AskRebuildNeeded command="" />
			<SilentBuild command="" />
		</MakeCommands>
		<Build>
			<Target title="gcc49-dbg">
				<Option working_dir="../../std-filesystem-relative/.build/filesystem/relative_test/gcc49/dbg/final" />
				<Option object_output="../../std-filesystem-relative/.build/filesystem/relative_test/gcc49/dbg/working" />
				<Option type="1" />
				<Compiler>
				</Compiler>
				<Environment>
					<Variable name="SCRIPTS" value="./filesystem/relative_test.sconscript" />
					<Variable name="TOOLCHAINS" value="gcc49" />
					<Variable name="VARIANT" value="dbg" />
				</Environment>
				<MakeCommands>
					<Build command="" />
					<CompileFile command="" />
					<Clean command="" />
					<DistClean command="" />
					<AskRebuildNeeded command="" />
					<SilentBuild command="" />
				</MakeCommands>
			</Target>
			<Target title="gcc49-rel">
				<Option working_dir="../../std-filesystem-relative/.build/filesystem/relative_test/gcc49/dbg/final" />
				<Option object_output="../../std-filesystem-relative/.build/filesystem/relative_test/gcc49/dbg/working" />
				<Option type="1" />
				<Compiler>
				</Compiler>
				<Environment>
					<Variable name="SCRIPTS" value="./filesystem/relative_test.sconscript" />
					<Variable name="TOOLCHAINS" value="gcc49" />
					<Variable name="VARIANT" value="rel" />
				</Environment>
				<MakeCommands>
					<Build command="" />
					<CompileFile command="" />
					<Clean command="" />
					<DistClean command="" />
					<AskRebuildNeeded command="" />
					<SilentBuild command="" />
				</MakeCommands>
			</Target>
		</Build>
		<Unit filename="../filesystem/operation_relative_tests.hpp" />
		<Unit filename="../filesystem/operations.hpp" />
		<Unit filename="../filesystem/relative_test.cpp" />
		<Unit filename="../filesystem/relative_test.sconscript" />
		<Unit filename="../sconstruct" />
	</Project>
</CodeBlocks_project_file>